acln.ro/env v0.1.0 h1:MnIZoUGGZ586W+dEho/JAeHfdPZEPDSg2ocxNNAkMH4=
acln.ro/env v0.1.0/go.mod h1:MPsOCeCPlWiJVwdw1Yrr4eQZAigjmTBLK6H4eJnB8O0=
github.com/google/go-cmp v0.3.0 h1:crn/baboCvb5fXaQ0IJ1SGTsTVrWpDsCWC8EGETZijY=
github.com/google/go-cmp v0.3.0/go.mod h1:8QqcDgzrUqlUb/G2PQTWiueGozuR1884gddMywk6iLU=
